
Microsoft Visual Studio Solution File, Format Version 12.00
# Visual Studio Version 17
VisualStudioVersion = 17.0.31919.166
MinimumVisualStudioVersion = 10.0.40219.1
Project("{FAE04EC0-301F-11D3-BF4B-00C04F79EFBC}") = "teste01", "teste01\teste01.csproj", "{4516B5F4-6098-47EC-8B6A-304FDE40DDAB}"
EndProject
Global
	GlobalSection(SolutionConfigurationPlatforms) = preSolution
		Debug|Any CPU = Debug|Any CPU
		Release|Any CPU = Release|Any CPU
	EndGlobalSection
	GlobalSection(ProjectConfigurationPlatforms) = postSolution
		{4516B5F4-6098-47EC-8B6A-304FDE40DDAB}.Debug|Any CPU.ActiveCfg = Debug|Any CPU
		{4516B5F4-6098-47EC-8B6A-304FDE40DDAB}.Debug|Any CPU.Build.0 = Debug|Any CPU
		{4516B5F4-6098-47EC-8B6A-304FDE40DDAB}.Release|Any CPU.ActiveCfg = Release|Any CPU
		{4516B5F4-6098-47EC-8B6A-304FDE40DDAB}.Release|Any CPU.Build.0 = Release|Any CPU
	EndGlobalSection
	GlobalSection(SolutionProperties) = preSolution
		HideSolutionNode = FALSE
	EndGlobalSection
	GlobalSection(ExtensibilityGlobals) = postSolution
		SolutionGuid = {412AC09D-C345-4852-AC67-C2B667438C08}
	EndGlobalSection
EndGlobal
